// !$*UTF8*$!
{
	archiveVersion = 1;
	classes = {
	};
	objectVersion = 50;
	objects = {

/* Begin PBXBuildFile section */
		FA07E78D223DED1C009789BD /* UserCredentials.plist in Resources */ = {isa = PBXBuildFile; fileRef = FA07E78C223DED1C009789BD /* UserCredentials.plist */; };
		FA0CCD74224566E1003C3ED6 /* Products.swift in Sources */ = {isa = PBXBuildFile; fileRef = FA0CCD73224566E1003C3ED6 /* Products.swift */; };
		FA0CCD7822457437003C3ED6 /* FerrariFront.png in Resources */ = {isa = PBXBuildFile; fileRef = FA0CCD7622457437003C3ED6 /* FerrariFront.png */; };
		FA0CCD7922457437003C3ED6 /* FerrariBack.png in Resources */ = {isa = PBXBuildFile; fileRef = FA0CCD7722457437003C3ED6 /* FerrariBack.png */; };
		FA1DF773224069CB0038952F /* AddToCartViewController.swift in Sources */ = {isa = PBXBuildFile; fileRef = FA1DF772224069CB0038952F /* AddToCartViewController.swift */; };
		FA1E5F41224095610096835F /* AboutUsViewController.swift in Sources */ = {isa = PBXBuildFile; fileRef = FA1E5F40224095610096835F /* AboutUsViewController.swift */; };
		FA1E5F43224095870096835F /* AboutUsData.html in Resources */ = {isa = PBXBuildFile; fileRef = FA1E5F42224095870096835F /* AboutUsData.html */; };
		FA1F200D223CB420007CC7B9 /* WelcomeWall.jpg in Resources */ = {isa = PBXBuildFile; fileRef = FA1F200C223CB420007CC7B9 /* WelcomeWall.jpg */; };
		FA22081022412B8E0042D912 /* SignUpbackgroungImage.jpg in Resources */ = {isa = PBXBuildFile; fileRef = FA22080F22412B8E0042D912 /* SignUpbackgroungImage.jpg */; };
		FA2208122241303A0042D912 /* itemlistCollectionViewCell.swift in Sources */ = {isa = PBXBuildFile; fileRef = FA2208112241303A0042D912 /* itemlistCollectionViewCell.swift */; };
		FA220814224130E70042D912 /* itemcollectionsViewController.swift in Sources */ = {isa = PBXBuildFile; fileRef = FA220813224130E70042D912 /* itemcollectionsViewController.swift */; };
		FA38366622404AA7006D87C1 /* LoginBackGround.jpg in Resources */ = {isa = PBXBuildFile; fileRef = FA38366522404AA7006D87C1 /* LoginBackGround.jpg */; };
		FA3EDB1522419FBD001D4A30 /* MercedesIcon.jpg in Resources */ = {isa = PBXBuildFile; fileRef = FA3EDB1022419FBC001D4A30 /* MercedesIcon.jpg */; };
		FA3EDB1622419FBD001D4A30 /* FerrariIcon.jpg in Resources */ = {isa = PBXBuildFile; fileRef = FA3EDB1122419FBC001D4A30 /* FerrariIcon.jpg */; };
		FA3EDB1722419FBD001D4A30 /* BMWIcon.jpg in Resources */ = {isa = PBXBuildFile; fileRef = FA3EDB1222419FBC001D4A30 /* BMWIcon.jpg */; };
		FA3EDB1822419FBD001D4A30 /* BentleyIcon.jpg in Resources */ = {isa = PBXBuildFile; fileRef = FA3EDB1322419FBC001D4A30 /* BentleyIcon.jpg */; };
		FA3EDB1922419FBD001D4A30 /* AudiIcon.jpg in Resources */ = {isa = PBXBuildFile; fileRef = FA3EDB1422419FBD001D4A30 /* AudiIcon.jpg */; };
		FA3EDB1E2241A1F1001D4A30 /* BentleyBack.jpg in Resources */ = {isa = PBXBuildFile; fileRef = FA3EDB1C2241A1F1001D4A30 /* BentleyBack.jpg */; };
		FA3EDB1F2241A1F1001D4A30 /* BentleyFront.jpg in Resources */ = {isa = PBXBuildFile; fileRef = FA3EDB1D2241A1F1001D4A30 /* BentleyFront.jpg */; };
		FA3EDB212241A36B001D4A30 /* LamborghiniIcon.jpg in Resources */ = {isa = PBXBuildFile; fileRef = FA3EDB202241A36A001D4A30 /* LamborghiniIcon.jpg */; };
		FA4F6AE62241800500DAD200 /* updateUserProfileViewController.swift in Sources */ = {isa = PBXBuildFile; fileRef = FA4F6AE52241800500DAD200 /* updateUserProfileViewController.swift */; };
		FA4F6AE82241815C00DAD200 /* profilePic.png in Resources */ = {isa = PBXBuildFile; fileRef = FA4F6AE72241815B00DAD200 /* profilePic.png */; };
		FA62E60422407CA4006FDC41 /* SignUpBackground.jpg in Resources */ = {isa = PBXBuildFile; fileRef = FA62E60322407CA4006FDC41 /* SignUpBackground.jpg */; };
		FA7C45EA22403BD500F20CA2 /* verifyValidations.swift in Sources */ = {isa = PBXBuildFile; fileRef = FA7C45E922403BD500F20CA2 /* verifyValidations.swift */; };
		FA8C99BE223D8724001874D3 /* BMWBack.png in Resources */ = {isa = PBXBuildFile; fileRef = FA8C99B6223D8723001874D3 /* BMWBack.png */; };
		FA8C99BF223D8724001874D3 /* MercedesFront.jpg in Resources */ = {isa = PBXBuildFile; fileRef = FA8C99B7223D8724001874D3 /* MercedesFront.jpg */; };
		FA8C99C0223D8724001874D3 /* MercedesBack.jpg in Resources */ = {isa = PBXBuildFile; fileRef = FA8C99B8223D8724001874D3 /* MercedesBack.jpg */; };
		FA8C99C2223D8724001874D3 /* LamborghiniFront.png in Resources */ = {isa = PBXBuildFile; fileRef = FA8C99BA223D8724001874D3 /* LamborghiniFront.png */; };
		FA8C99C3223D8724001874D3 /* LamborghiniBack.png in Resources */ = {isa = PBXBuildFile; fileRef = FA8C99BB223D8724001874D3 /* LamborghiniBack.png */; };
		FA8C99C5223D8724001874D3 /* BMWFront.png in Resources */ = {isa = PBXBuildFile; fileRef = FA8C99BD223D8724001874D3 /* BMWFront.png */; };
		FA9E2177223CC39500CF9616 /* AudiFront.jpeg in Resources */ = {isa = PBXBuildFile; fileRef = FA9E2175223CC39400CF9616 /* AudiFront.jpeg */; };
		FA9E2178223CC39500CF9616 /* AudiBack.jpg in Resources */ = {isa = PBXBuildFile; fileRef = FA9E2176223CC39500CF9616 /* AudiBack.jpg */; };
		FACEF485223A05E700A59B6C /* SignUpViewController.swift in Sources */ = {isa = PBXBuildFile; fileRef = FACEF484223A05E700A59B6C /* SignUpViewController.swift */; };
		FACEF487223A060400A59B6C /* WelcomeViewController.swift in Sources */ = {isa = PBXBuildFile; fileRef = FACEF486223A060400A59B6C /* WelcomeViewController.swift */; };
		FACEF489223A08C300A59B6C /* MenuTableViewController.swift in Sources */ = {isa = PBXBuildFile; fileRef = FACEF488223A08C300A59B6C /* MenuTableViewController.swift */; };
		FACEF48B223A0BC400A59B6C /* ItemDetailsViewController.swift in Sources */ = {isa = PBXBuildFile; fileRef = FACEF48A223A0BC400A59B6C /* ItemDetailsViewController.swift */; };
		FACEF492223A0CE600A59B6C /* ProfileViewController.swift in Sources */ = {isa = PBXBuildFile; fileRef = FACEF491223A0CE600A59B6C /* ProfileViewController.swift */; };
		FAF8983B223819EA00FC3FA4 /* AppDelegate.swift in Sources */ = {isa = PBXBuildFile; fileRef = FAF8983A223819EA00FC3FA4 /* AppDelegate.swift */; };
		FAF8983D223819EA00FC3FA4 /* LoginViewController.swift in Sources */ = {isa = PBXBuildFile; fileRef = FAF8983C223819EA00FC3FA4 /* LoginViewController.swift */; };
		FAF89840223819EA00FC3FA4 /* Main.storyboard in Resources */ = {isa = PBXBuildFile; fileRef = FAF8983E223819EA00FC3FA4 /* Main.storyboard */; };
		FAF89842223819EB00FC3FA4 /* Assets.xcassets in Resources */ = {isa = PBXBuildFile; fileRef = FAF89841223819EB00FC3FA4 /* Assets.xcassets */; };
		FAF89845223819EB00FC3FA4 /* LaunchScreen.storyboard in Resources */ = {isa = PBXBuildFile; fileRef = FAF89843223819EB00FC3FA4 /* LaunchScreen.storyboard */; };
/* End PBXBuildFile section */

/* Begin PBXFileReference section */
		FA07E78C223DED1C009789BD /* UserCredentials.plist */ = {isa = PBXFileReference; lastKnownFileType = text.plist.xml; path = UserCredentials.plist; sourceTree = "<group>"; };
		FA0CCD73224566E1003C3ED6 /* Products.swift */ = {isa = PBXFileReference; lastKnownFileType = sourcecode.swift; path = Products.swift; sourceTree = "<group>"; };
		FA0CCD7622457437003C3ED6 /* FerrariFront.png */ = {isa = PBXFileReference; lastKnownFileType = image.png; path = FerrariFront.png; sourceTree = "<group>"; };
		FA0CCD7722457437003C3ED6 /* FerrariBack.png */ = {isa = PBXFileReference; lastKnownFileType = image.png; path = FerrariBack.png; sourceTree = "<group>"; };
		FA1DF772224069CB0038952F /* AddToCartViewController.swift */ = {isa = PBXFileReference; lastKnownFileType = sourcecode.swift; path = AddToCartViewController.swift; sourceTree = "<group>"; };
		FA1E5F40224095610096835F /* AboutUsViewController.swift */ = {isa = PBXFileReference; lastKnownFileType = sourcecode.swift; path = AboutUsViewController.swift; sourceTree = "<group>"; };
		FA1E5F42224095870096835F /* AboutUsData.html */ = {isa = PBXFileReference; lastKnownFileType = text.html; path = AboutUsData.html; sourceTree = "<group>"; };
		FA1F200C223CB420007CC7B9 /* WelcomeWall.jpg */ = {isa = PBXFileReference; lastKnownFileType = image.jpeg; path = WelcomeWall.jpg; sourceTree = "<group>"; };
		FA22080F22412B8E0042D912 /* SignUpbackgroungImage.jpg */ = {isa = PBXFileReference; lastKnownFileType = image.jpeg; path = SignUpbackgroungImage.jpg; sourceTree = "<group>"; };
		FA2208112241303A0042D912 /* itemlistCollectionViewCell.swift */ = {isa = PBXFileReference; lastKnownFileType = sourcecode.swift; path = itemlistCollectionViewCell.swift; sourceTree = "<group>"; };
		FA220813224130E70042D912 /* itemcollectionsViewController.swift */ = {isa = PBXFileReference; lastKnownFileType = sourcecode.swift; path = itemcollectionsViewController.swift; sourceTree = "<group>"; };
		FA38366522404AA7006D87C1 /* LoginBackGround.jpg */ = {isa = PBXFileReference; lastKnownFileType = image.jpeg; path = LoginBackGround.jpg; sourceTree = "<group>"; };
		FA3EDB1022419FBC001D4A30 /* MercedesIcon.jpg */ = {isa = PBXFileReference; lastKnownFileType = image.jpeg; path = MercedesIcon.jpg; sourceTree = "<group>"; };
		FA3EDB1122419FBC001D4A30 /* FerrariIcon.jpg */ = {isa = PBXFileReference; lastKnownFileType = image.jpeg; path = FerrariIcon.jpg; sourceTree = "<group>"; };
		FA3EDB1222419FBC001D4A30 /* BMWIcon.jpg */ = {isa = PBXFileReference; lastKnownFileType = image.jpeg; path = BMWIcon.jpg; sourceTree = "<group>"; };
		FA3EDB1322419FBC001D4A30 /* BentleyIcon.jpg */ = {isa = PBXFileReference; lastKnownFileType = image.jpeg; path = BentleyIcon.jpg; sourceTree = "<group>"; };
		FA3EDB1422419FBD001D4A30 /* AudiIcon.jpg */ = {isa = PBXFileReference; lastKnownFileType = image.jpeg; path = AudiIcon.jpg; sourceTree = "<group>"; };
		FA3EDB1C2241A1F1001D4A30 /* BentleyBack.jpg */ = {isa = PBXFileReference; lastKnownFileType = image.jpeg; path = BentleyBack.jpg; sourceTree = "<group>"; };
		FA3EDB1D2241A1F1001D4A30 /* BentleyFront.jpg */ = {isa = PBXFileReference; lastKnownFileType = image.jpeg; path = BentleyFront.jpg; sourceTree = "<group>"; };
		FA3EDB202241A36A001D4A30 /* LamborghiniIcon.jpg */ = {isa = PBXFileReference; lastKnownFileType = image.jpeg; path = LamborghiniIcon.jpg; sourceTree = "<group>"; };
		FA4F6AE52241800500DAD200 /* updateUserProfileViewController.swift */ = {isa = PBXFileReference; lastKnownFileType = sourcecode.swift; path = updateUserProfileViewController.swift; sourceTree = "<group>"; };
		FA4F6AE72241815B00DAD200 /* profilePic.png */ = {isa = PBXFileReference; lastKnownFileType = image.png; path = profilePic.png; sourceTree = "<group>"; };
		FA62E60322407CA4006FDC41 /* SignUpBackground.jpg */ = {isa = PBXFileReference; lastKnownFileType = image.jpeg; path = SignUpBackground.jpg; sourceTree = "<group>"; };
		FA7C45E922403BD500F20CA2 /* verifyValidations.swift */ = {isa = PBXFileReference; lastKnownFileType = sourcecode.swift; path = verifyValidations.swift; sourceTree = "<group>"; };
		FA8C99B6223D8723001874D3 /* BMWBack.png */ = {isa = PBXFileReference; lastKnownFileType = image.png; path = BMWBack.png; sourceTree = "<group>"; };
		FA8C99B7223D8724001874D3 /* MercedesFront.jpg */ = {isa = PBXFileReference; lastKnownFileType = image.jpeg; path = MercedesFront.jpg; sourceTree = "<group>"; };
		FA8C99B8223D8724001874D3 /* MercedesBack.jpg */ = {isa = PBXFileReference; lastKnownFileType = image.jpeg; path = MercedesBack.jpg; sourceTree = "<group>"; };
		FA8C99BA223D8724001874D3 /* LamborghiniFront.png */ = {isa = PBXFileReference; lastKnownFileType = image.png; path = LamborghiniFront.png; sourceTree = "<group>"; };
		FA8C99BB223D8724001874D3 /* LamborghiniBack.png */ = {isa = PBXFileReference; lastKnownFileType = image.png; path = LamborghiniBack.png; sourceTree = "<group>"; };
		FA8C99BD223D8724001874D3 /* BMWFront.png */ = {isa = PBXFileReference; lastKnownFileType = image.png; path = BMWFront.png; sourceTree = "<group>"; };
		FA9E2175223CC39400CF9616 /* AudiFront.jpeg */ = {isa = PBXFileReference; lastKnownFileType = image.jpeg; path = AudiFront.jpeg; sourceTree = "<group>"; };
		FA9E2176223CC39500CF9616 /* AudiBack.jpg */ = {isa = PBXFileReference; lastKnownFileType = image.jpeg; path = AudiBack.jpg; sourceTree = "<group>"; };
		FACEF484223A05E700A59B6C /* SignUpViewController.swift */ = {isa = PBXFileReference; lastKnownFileType = sourcecode.swift; path = SignUpViewController.swift; sourceTree = "<group>"; };
		FACEF486223A060400A59B6C /* WelcomeViewController.swift */ = {isa = PBXFileReference; lastKnownFileType = sourcecode.swift; path = WelcomeViewController.swift; sourceTree = "<group>"; };
		FACEF488223A08C300A59B6C /* MenuTableViewController.swift */ = {isa = PBXFileReference; lastKnownFileType = sourcecode.swift; path = MenuTableViewController.swift; sourceTree = "<group>"; };
		FACEF48A223A0BC400A59B6C /* ItemDetailsViewController.swift */ = {isa = PBXFileReference; lastKnownFileType = sourcecode.swift; path = ItemDetailsViewController.swift; sourceTree = "<group>"; };
		FACEF491223A0CE600A59B6C /* ProfileViewController.swift */ = {isa = PBXFileReference; lastKnownFileType = sourcecode.swift; path = ProfileViewController.swift; sourceTree = "<group>"; };
		FAF89837223819EA00FC3FA4 /* OnlineShopping.app */ = {isa = PBXFileReference; explicitFileType = wrapper.application; includeInIndex = 0; path = OnlineShopping.app; sourceTree = BUILT_PRODUCTS_DIR; };
		FAF8983A223819EA00FC3FA4 /* AppDelegate.swift */ = {isa = PBXFileReference; lastKnownFileType = sourcecode.swift; path = AppDelegate.swift; sourceTree = "<group>"; };
		FAF8983C223819EA00FC3FA4 /* LoginViewController.swift */ = {isa = PBXFileReference; lastKnownFileType = sourcecode.swift; path = LoginViewController.swift; sourceTree = "<group>"; };
		FAF8983F223819EA00FC3FA4 /* Base */ = {isa = PBXFileReference; lastKnownFileType = file.storyboard; name = Base; path = Base.lproj/Main.storyboard; sourceTree = "<group>"; };
		FAF89841223819EB00FC3FA4 /* Assets.xcassets */ = {isa = PBXFileReference; lastKnownFileType = folder.assetcatalog; path = Assets.xcassets; sourceTree = "<group>"; };
		FAF89844223819EB00FC3FA4 /* Base */ = {isa = PBXFileReference; lastKnownFileType = file.storyboard; name = Base; path = Base.lproj/LaunchScreen.storyboard; sourceTree = "<group>"; };
		FAF89846223819EB00FC3FA4 /* Info.plist */ = {isa = PBXFileReference; lastKnownFileType = text.plist.xml; path = Info.plist; sourceTree = "<group>"; };
/* End PBXFileReference section */

/* Begin PBXFrameworksBuildPhase section */
		FAF89834223819EA00FC3FA4 /* Frameworks */ = {
			isa = PBXFrameworksBuildPhase;
			buildActionMask = 2147483647;
			files = (
			);
			runOnlyForDeploymentPostprocessing = 0;
		};
/* End PBXFrameworksBuildPhase section */

/* Begin PBXGroup section */
		FA0CCD72224566CD003C3ED6 /* SwitClasses */ = {
			isa = PBXGroup;
			children = (
				FA0CCD75224566E5003C3ED6 /* Products */,
			);
			path = SwitClasses;
			sourceTree = "<group>";
		};
		FA0CCD75224566E5003C3ED6 /* Products */ = {
			isa = PBXGroup;
			children = (
				FA0CCD73224566E1003C3ED6 /* Products.swift */,
			);
			path = Products;
			sourceTree = "<group>";
		};
		FA1E5F442240958E0096835F /* About Us */ = {
			isa = PBXGroup;
			children = (
				FA1E5F40224095610096835F /* AboutUsViewController.swift */,
				FA1E5F42224095870096835F /* AboutUsData.html */,
			);
			path = "About Us";
			sourceTree = "<group>";
		};
		FA1E65D7223B5AC6008C2CC8 /* Images */ = {
			isa = PBXGroup;
			children = (
				FA3EDB1B22419FF4001D4A30 /* product Images */,
				FA3EDB1A22419FC7001D4A30 /* BackgroundImages */,
				FA3EDB0F22419F97001D4A30 /* Icons */,
			);
			path = Images;
			sourceTree = "<group>";
		};
		FA3EDB0F22419F97001D4A30 /* Icons */ = {
			isa = PBXGroup;
			children = (
				FA3EDB202241A36A001D4A30 /* LamborghiniIcon.jpg */,
				FA3EDB1422419FBD001D4A30 /* AudiIcon.jpg */,
				FA3EDB1322419FBC001D4A30 /* BentleyIcon.jpg */,
				FA3EDB1222419FBC001D4A30 /* BMWIcon.jpg */,
				FA3EDB1122419FBC001D4A30 /* FerrariIcon.jpg */,
				FA3EDB1022419FBC001D4A30 /* MercedesIcon.jpg */,
			);
			path = Icons;
			sourceTree = "<group>";
		};
		FA3EDB1A22419FC7001D4A30 /* BackgroundImages */ = {
			isa = PBXGroup;
			children = (
				FA4F6AE72241815B00DAD200 /* profilePic.png */,
				FA62E60322407CA4006FDC41 /* SignUpBackground.jpg */,
				FA38366522404AA7006D87C1 /* LoginBackGround.jpg */,
				FA22080F22412B8E0042D912 /* SignUpbackgroungImage.jpg */,
				FA1F200C223CB420007CC7B9 /* WelcomeWall.jpg */,
			);
			path = BackgroundImages;
			sourceTree = "<group>";
		};
		FA3EDB1B22419FF4001D4A30 /* product Images */ = {
			isa = PBXGroup;
			children = (
				FA0CCD7722457437003C3ED6 /* FerrariBack.png */,
				FA0CCD7622457437003C3ED6 /* FerrariFront.png */,
				FA3EDB1C2241A1F1001D4A30 /* BentleyBack.jpg */,
				FA3EDB1D2241A1F1001D4A30 /* BentleyFront.jpg */,
				FA9E2175223CC39400CF9616 /* AudiFront.jpeg */,
				FA9E2176223CC39500CF9616 /* AudiBack.jpg */,
				FA8C99BD223D8724001874D3 /* BMWFront.png */,
				FA8C99B6223D8723001874D3 /* BMWBack.png */,
				FA8C99B7223D8724001874D3 /* MercedesFront.jpg */,
				FA8C99B8223D8724001874D3 /* MercedesBack.jpg */,
				FA8C99BA223D8724001874D3 /* LamborghiniFront.png */,
				FA8C99BB223D8724001874D3 /* LamborghiniBack.png */,
			);
			path = "product Images";
			sourceTree = "<group>";
		};
		FA62E5E022406D3D006FDC41 /* Menu */ = {
			isa = PBXGroup;
			children = (
				FACEF488223A08C300A59B6C /* MenuTableViewController.swift */,
			);
			path = Menu;
			sourceTree = "<group>";
		};
		FACEF48E223A0C1E00A59B6C /* Items */ = {
			isa = PBXGroup;
			children = (
				FA2208112241303A0042D912 /* itemlistCollectionViewCell.swift */,
				FA220813224130E70042D912 /* itemcollectionsViewController.swift */,
				FACEF48A223A0BC400A59B6C /* ItemDetailsViewController.swift */,
			);
			path = Items;
			sourceTree = "<group>";
		};
		FACEF48F223A0C3D00A59B6C /* SignUpAndLogin */ = {
			isa = PBXGroup;
			children = (
				FACEF484223A05E700A59B6C /* SignUpViewController.swift */,
				FAF8983C223819EA00FC3FA4 /* LoginViewController.swift */,
			);
			path = SignUpAndLogin;
			sourceTree = "<group>";
		};
		FACEF490223A0CC300A59B6C /* Profile */ = {
			isa = PBXGroup;
			children = (
				FACEF491223A0CE600A59B6C /* ProfileViewController.swift */,
				FA4F6AE52241800500DAD200 /* updateUserProfileViewController.swift */,
			);
			path = Profile;
			sourceTree = "<group>";
		};
		FAF8982E223819E900FC3FA4 = {
			isa = PBXGroup;
			children = (
				FAF89839223819EA00FC3FA4 /* OnlineShopping */,
				FAF89838223819EA00FC3FA4 /* Products */,
			);
			sourceTree = "<group>";
		};
		FAF89838223819EA00FC3FA4 /* Products */ = {
			isa = PBXGroup;
			children = (
				FAF89837223819EA00FC3FA4 /* OnlineShopping.app */,
			);
			name = Products;
			sourceTree = "<group>";
		};
		FAF89839223819EA00FC3FA4 /* OnlineShopping */ = {
			isa = PBXGroup;
			children = (
				FA0CCD72224566CD003C3ED6 /* SwitClasses */,
				FACEF48F223A0C3D00A59B6C /* SignUpAndLogin */,
				FACEF490223A0CC300A59B6C /* Profile */,
				FA1E65D7223B5AC6008C2CC8 /* Images */,
				FA62E5E022406D3D006FDC41 /* Menu */,
				FA1E5F442240958E0096835F /* About Us */,
				FACEF48E223A0C1E00A59B6C /* Items */,
				FAF8983A223819EA00FC3FA4 /* AppDelegate.swift */,
				FAF8983E223819EA00FC3FA4 /* Main.storyboard */,
				FAF89841223819EB00FC3FA4 /* Assets.xcassets */,
				FAF89843223819EB00FC3FA4 /* LaunchScreen.storyboard */,
				FAF89846223819EB00FC3FA4 /* Info.plist */,
				FACEF486223A060400A59B6C /* WelcomeViewController.swift */,
				FA07E78C223DED1C009789BD /* UserCredentials.plist */,
				FA7C45E922403BD500F20CA2 /* verifyValidations.swift */,
				FA1DF772224069CB0038952F /* AddToCartViewController.swift */,
			);
			path = OnlineShopping;
			sourceTree = "<group>";
		};
/* End PBXGroup section */

/* Begin PBXNativeTarget section */
		FAF89836223819EA00FC3FA4 /* OnlineShopping */ = {
			isa = PBXNativeTarget;
			buildConfigurationList = FAF89849223819EB00FC3FA4 /* Build configuration list for PBXNativeTarget "OnlineShopping" */;
			buildPhases = (
				FAF89833223819EA00FC3FA4 /* Sources */,
				FAF89834223819EA00FC3FA4 /* Frameworks */,
				FAF89835223819EA00FC3FA4 /* Resources */,
			);
			buildRules = (
			);
			dependencies = (
			);
			name = OnlineShopping;
			productName = OnlineShopping;
			productReference = FAF89837223819EA00FC3FA4 /* OnlineShopping.app */;
			productType = "com.apple.product-type.application";
		};
/* End PBXNativeTarget section */

/* Begin PBXProject section */
		FAF8982F223819E900FC3FA4 /* Project object */ = {
			isa = PBXProject;
			attributes = {
				LastSwiftUpdateCheck = 1010;
				LastUpgradeCheck = 1010;
				ORGANIZATIONNAME = Macbook;
				TargetAttributes = {
					FAF89836223819EA00FC3FA4 = {
						CreatedOnToolsVersion = 10.1;
					};
				};
			};
			buildConfigurationList = FAF89832223819E900FC3FA4 /* Build configuration list for PBXProject "OnlineShopping" */;
			compatibilityVersion = "Xcode 9.3";
			developmentRegion = en;
			hasScannedForEncodings = 0;
			knownRegions = (
				en,
				Base,
			);
			mainGroup = FAF8982E223819E900FC3FA4;
			productRefGroup = FAF89838223819EA00FC3FA4 /* Products */;
			projectDirPath = "";
			projectRoot = "";
			targets = (
				FAF89836223819EA00FC3FA4 /* OnlineShopping */,
			);
		};
/* End PBXProject section */

/* Begin PBXResourcesBuildPhase section */
		FAF89835223819EA00FC3FA4 /* Resources */ = {
			isa = PBXResourcesBuildPhase;
			buildActionMask = 2147483647;
			files = (
				FAF89845223819EB00FC3FA4 /* LaunchScreen.storyboard in Resources */,
				FA3EDB1622419FBD001D4A30 /* FerrariIcon.jpg in Resources */,
				FA22081022412B8E0042D912 /* SignUpbackgroungImage.jpg in Resources */,
				FA3EDB212241A36B001D4A30 /* LamborghiniIcon.jpg in Resources */,
				FA1F200D223CB420007CC7B9 /* WelcomeWall.jpg in Resources */,
				FA62E60422407CA4006FDC41 /* SignUpBackground.jpg in Resources */,
				FA3EDB1922419FBD001D4A30 /* AudiIcon.jpg in Resources */,
				FA9E2178223CC39500CF9616 /* AudiBack.jpg in Resources */,
				FA3EDB1F2241A1F1001D4A30 /* BentleyFront.jpg in Resources */,
				FA07E78D223DED1C009789BD /* UserCredentials.plist in Resources */,
				FA8C99C0223D8724001874D3 /* MercedesBack.jpg in Resources */,
				FAF89842223819EB00FC3FA4 /* Assets.xcassets in Resources */,
				FA4F6AE82241815C00DAD200 /* profilePic.png in Resources */,
				FA8C99BF223D8724001874D3 /* MercedesFront.jpg in Resources */,
				FA0CCD7922457437003C3ED6 /* FerrariBack.png in Resources */,
				FA8C99C5223D8724001874D3 /* BMWFront.png in Resources */,
				FA8C99C3223D8724001874D3 /* LamborghiniBack.png in Resources */,
				FA3EDB1522419FBD001D4A30 /* MercedesIcon.jpg in Resources */,
				FA8C99BE223D8724001874D3 /* BMWBack.png in Resources */,
				FA3EDB1822419FBD001D4A30 /* BentleyIcon.jpg in Resources */,
				FA38366622404AA7006D87C1 /* LoginBackGround.jpg in Resources */,
				FA3EDB1E2241A1F1001D4A30 /* BentleyBack.jpg in Resources */,
				FA3EDB1722419FBD001D4A30 /* BMWIcon.jpg in Resources */,
				FA1E5F43224095870096835F /* AboutUsData.html in Resources */,
				FA0CCD7822457437003C3ED6 /* FerrariFront.png in Resources */,
				FA9E2177223CC39500CF9616 /* AudiFront.jpeg in Resources */,
				FA8C99C2223D8724001874D3 /* LamborghiniFront.png in Resources */,
				FAF89840223819EA00FC3FA4 /* Main.storyboard in Resources */,
			);
			runOnlyForDeploymentPostprocessing = 0;
		};
/* End PBXResourcesBuildPhase section */

/* Begin PBXSourcesBuildPhase section */
		FAF89833223819EA00FC3FA4 /* Sources */ = {
			isa = PBXSourcesBuildPhase;
			buildActionMask = 2147483647;
			files = (
				FA2208122241303A0042D912 /* itemlistCollectionViewCell.swift in Sources */,
				FACEF485223A05E700A59B6C /* SignUpViewController.swift in Sources */,
				FA220814224130E70042D912 /* itemcollectionsViewController.swift in Sources */,
				FA1E5F41224095610096835F /* AboutUsViewController.swift in Sources */,
				FACEF487223A060400A59B6C /* WelcomeViewController.swift in Sources */,
				FACEF48B223A0BC400A59B6C /* ItemDetailsViewController.swift in Sources */,
				FACEF489223A08C300A59B6C /* MenuTableViewController.swift in Sources */,
				FAF8983D223819EA00FC3FA4 /* LoginViewController.swift in Sources */,
				FACEF492223A0CE600A59B6C /* ProfileViewController.swift in Sources */,
				FA7C45EA22403BD500F20CA2 /* verifyValidations.swift in Sources */,
				FAF8983B223819EA00FC3FA4 /* AppDelegate.swift in Sources */,
				FA4F6AE62241800500DAD200 /* updateUserProfileViewController.swift in Sources */,
				FA1DF773224069CB0038952F /* AddToCartViewController.swift in Sources */,
				FA0CCD74224566E1003C3ED6 /* Products.swift in Sources */,
			);
			runOnlyForDeploymentPostprocessing = 0;
		};
/* End PBXSourcesBuildPhase section */

/* Begin PBXVariantGroup section */
		FAF8983E223819EA00FC3FA4 /* Main.storyboard */ = {
			isa = PBXVariantGroup;
			children = (
				FAF8983F223819EA00FC3FA4 /* Base */,
			);
			name = Main.storyboard;
			sourceTree = "<group>";
		};
		FAF89843223819EB00FC3FA4 /* LaunchScreen.storyboard */ = {
			isa = PBXVariantGroup;
			children = (
				FAF89844223819EB00FC3FA4 /* Base */,
			);
			name = LaunchScreen.storyboard;
			sourceTree = "<group>";
		};
/* End PBXVariantGroup section */

/* Begin XCBuildConfiguration section */
		FAF89847223819EB00FC3FA4 /* Debug */ = {
			isa = XCBuildConfiguration;
			buildSettings = {
				ALWAYS_SEARCH_USER_PATHS = NO;
				CLANG_ANALYZER_NONNULL = YES;
				CLANG_ANALYZER_NUMBER_OBJECT_CONVERSION = YES_AGGRESSIVE;
				CLANG_CXX_LANGUAGE_STANDARD = "gnu++14";
				CLANG_CXX_LIBRARY = "libc++";
				CLANG_ENABLE_MODULES = YES;
				CLANG_ENABLE_OBJC_ARC = YES;
				CLANG_ENABLE_OBJC_WEAK = YES;
				CLANG_WARN_BLOCK_CAPTURE_AUTORELEASING = YES;
				CLANG_WARN_BOOL_CONVERSION = YES;
				CLANG_WARN_COMMA = YES;
				CLANG_WARN_CONSTANT_CONVERSION = YES;
				CLANG_WARN_DEPRECATED_OBJC_IMPLEMENTATIONS = YES;
				CLANG_WARN_DIRECT_OBJC_ISA_USAGE = YES_ERROR;
				CLANG_WARN_DOCUMENTATION_COMMENTS = YES;
				CLANG_WARN_EMPTY_BODY = YES;
				CLANG_WARN_ENUM_CONVERSION = YES;
				CLANG_WARN_INFINITE_RECURSION = YES;
				CLANG_WARN_INT_CONVERSION = YES;
				CLANG_WARN_NON_LITERAL_NULL_CONVERSION = YES;
				CLANG_WARN_OBJC_IMPLICIT_RETAIN_SELF = YES;
				CLANG_WARN_OBJC_LITERAL_CONVERSION = YES;
				CLANG_WARN_OBJC_ROOT_CLASS = YES_ERROR;
				CLANG_WARN_RANGE_LOOP_ANALYSIS = YES;
				CLANG_WARN_STRICT_PROTOTYPES = YES;
				CLANG_WARN_SUSPICIOUS_MOVE = YES;
				CLANG_WARN_UNGUARDED_AVAILABILITY = YES_AGGRESSIVE;
				CLANG_WARN_UNREACHABLE_CODE = YES;
				CLANG_WARN__DUPLICATE_METHOD_MATCH = YES;
				CODE_SIGN_IDENTITY = "iPhone Developer";
				COPY_PHASE_STRIP = NO;
				DEBUG_INFORMATION_FORMAT = dwarf;
				ENABLE_STRICT_OBJC_MSGSEND = YES;
				ENABLE_TESTABILITY = YES;
				GCC_C_LANGUAGE_STANDARD = gnu11;
				GCC_DYNAMIC_NO_PIC = NO;
				GCC_NO_COMMON_BLOCKS = YES;
				GCC_OPTIMIZATION_LEVEL = 0;
				GCC_PREPROCESSOR_DEFINITIONS = (
					"DEBUG=1",
					"$(inherited)",
				);
				GCC_WARN_64_TO_32_BIT_CONVERSION = YES;
				GCC_WARN_ABOUT_RETURN_TYPE = YES_ERROR;
				GCC_WARN_UNDECLARED_SELECTOR = YES;
				GCC_WARN_UNINITIALIZED_AUTOS = YES_AGGRESSIVE;
				GCC_WARN_UNUSED_FUNCTION = YES;
				GCC_WARN_UNUSED_VARIABLE = YES;
				IPHONEOS_DEPLOYMENT_TARGET = 12.1;
				MTL_ENABLE_DEBUG_INFO = INCLUDE_SOURCE;
				MTL_FAST_MATH = YES;
				ONLY_ACTIVE_ARCH = YES;
				SDKROOT = iphoneos;
				SWIFT_ACTIVE_COMPILATION_CONDITIONS = DEBUG;
				SWIFT_OPTIMIZATION_LEVEL = "-Onone";
			};
			name = Debug;
		};
		FAF89848223819EB00FC3FA4 /* Release */ = {
			isa = XCBuildConfiguration;
			buildSettings = {
				ALWAYS_SEARCH_USER_PATHS = NO;
				CLANG_ANALYZER_NONNULL = YES;
				CLANG_ANALYZER_NUMBER_OBJECT_CONVERSION = YES_AGGRESSIVE;
				CLANG_CXX_LANGUAGE_STANDARD = "gnu++14";
				CLANG_CXX_LIBRARY = "libc++";
				CLANG_ENABLE_MODULES = YES;
				CLANG_ENABLE_OBJC_ARC = YES;
				CLANG_ENABLE_OBJC_WEAK = YES;
				CLANG_WARN_BLOCK_CAPTURE_AUTORELEASING = YES;
				CLANG_WARN_BOOL_CONVERSION = YES;
				CLANG_WARN_COMMA = YES;
				CLANG_WARN_CONSTANT_CONVERSION = YES;
				CLANG_WARN_DEPRECATED_OBJC_IMPLEMENTATIONS = YES;
				CLANG_WARN_DIRECT_OBJC_ISA_USAGE = YES_ERROR;
				CLANG_WARN_DOCUMENTATION_COMMENTS = YES;
				CLANG_WARN_EMPTY_BODY = YES;
				CLANG_WARN_ENUM_CONVERSION = YES;
				CLANG_WARN_INFINITE_RECURSION = YES;
				CLANG_WARN_INT_CONVERSION = YES;
				CLANG_WARN_NON_LITERAL_NULL_CONVERSION = YES;
				CLANG_WARN_OBJC_IMPLICIT_RETAIN_SELF = YES;
				CLANG_WARN_OBJC_LITERAL_CONVERSION = YES;
				CLANG_WARN_OBJC_ROOT_CLASS = YES_ERROR;
				CLANG_WARN_RANGE_LOOP_ANALYSIS = YES;
				CLANG_WARN_STRICT_PROTOTYPES = YES;
				CLANG_WARN_SUSPICIOUS_MOVE = YES;
				CLANG_WARN_UNGUARDED_AVAILABILITY = YES_AGGRESSIVE;
				CLANG_WARN_UNREACHABLE_CODE = YES;
				CLANG_WARN__DUPLICATE_METHOD_MATCH = YES;
				CODE_SIGN_IDENTITY = "iPhone Developer";
				COPY_PHASE_STRIP = NO;
				DEBUG_INFORMATION_FORMAT = "dwarf-with-dsym";
				ENABLE_NS_ASSERTIONS = NO;
				ENABLE_STRICT_OBJC_MSGSEND = YES;
				GCC_C_LANGUAGE_STANDARD = gnu11;
				GCC_NO_COMMON_BLOCKS = YES;
				GCC_WARN_64_TO_32_BIT_CONVERSION = YES;
				GCC_WARN_ABOUT_RETURN_TYPE = YES_ERROR;
				GCC_WARN_UNDECLARED_SELECTOR = YES;
				GCC_WARN_UNINITIALIZED_AUTOS = YES_AGGRESSIVE;
				GCC_WARN_UNUSED_FUNCTION = YES;
				GCC_WARN_UNUSED_VARIABLE = YES;
				IPHONEOS_DEPLOYMENT_TARGET = 12.1;
				MTL_ENABLE_DEBUG_INFO = NO;
				MTL_FAST_MATH = YES;
				SDKROOT = iphoneos;
				SWIFT_COMPILATION_MODE = wholemodule;
				SWIFT_OPTIMIZATION_LEVEL = "-O";
				VALIDATE_PRODUCT = YES;
			};
			name = Release;
		};
		FAF8984A223819EB00FC3FA4 /* Debug */ = {
			isa = XCBuildConfiguration;
			buildSettings = {
				ASSETCATALOG_COMPILER_APPICON_NAME = AppIcon;
				CODE_SIGN_STYLE = Automatic;
				DEVELOPMENT_TEAM = YM5Q7VR5BN;
				INFOPLIST_FILE = OnlineShopping/Info.plist;
				LD_RUNPATH_SEARCH_PATHS = (
					"$(inherited)",
					"@executable_path/Frameworks",
				);
				PRODUCT_BUNDLE_IDENTIFIER = com.manu.OnlineShopping;
				PRODUCT_NAME = "$(TARGET_NAME)";
				SWIFT_VERSION = 4.2;
				TARGETED_DEVICE_FAMILY = "1,2";
			};
			name = Debug;
		};
		FAF8984B223819EB00FC3FA4 /* Release */ = {
			isa = XCBuildConfiguration;
			buildSettings = {
				ASSETCATALOG_COMPILER_APPICON_NAME = AppIcon;
				CODE_SIGN_STYLE = Automatic;
				DEVELOPMENT_TEAM = YM5Q7VR5BN;
				INFOPLIST_FILE = OnlineShopping/Info.plist;
				LD_RUNPATH_SEARCH_PATHS = (
					"$(inherited)",
					"@executable_path/Frameworks",
				);
				PRODUCT_BUNDLE_IDENTIFIER = com.manu.OnlineShopping;
				PRODUCT_NAME = "$(TARGET_NAME)";
				SWIFT_VERSION = 4.2;
				TARGETED_DEVICE_FAMILY = "1,2";
			};
			name = Release;
		};
/* End XCBuildConfiguration section */

/* Begin XCConfigurationList section */
		FAF89832223819E900FC3FA4 /* Build configuration list for PBXProject "OnlineShopping" */ = {
			isa = XCConfigurationList;
			buildConfigurations = (
				FAF89847223819EB00FC3FA4 /* Debug */,
				FAF89848223819EB00FC3FA4 /* Release */,
			);
			defaultConfigurationIsVisible = 0;
			defaultConfigurationName = Release;
		};
		FAF89849223819EB00FC3FA4 /* Build configuration list for PBXNativeTarget "OnlineShopping" */ = {
			isa = XCConfigurationList;
			buildConfigurations = (
				FAF8984A223819EB00FC3FA4 /* Debug */,
				FAF8984B223819EB00FC3FA4 /* Release */,
			);
			defaultConfigurationIsVisible = 0;
			defaultConfigurationName = Release;
		};
/* End XCConfigurationList section */
	};
	rootObject = FAF8982F223819E900FC3FA4 /* Project object */;
}
